
Microsoft Visual Studio Solution File, Format Version 12.00
# Visual Studio Version 17
VisualStudioVersion = 17.8.34525.116
MinimumVisualStudioVersion = 10.0.40219.1
Project("{FAE04EC0-301F-11D3-BF4B-00C04F79EFBC}") = "Esercizio", "Esercizio\Esercizio.csproj", "{C297BCD1-9AB4-4470-8DB2-6EBEE036D5EA}"
EndProject
Global
	GlobalSection(SolutionConfigurationPlatforms) = preSolution
		Debug|Any CPU = Debug|Any CPU
		Release|Any CPU = Release|Any CPU
	EndGlobalSection
	GlobalSection(ProjectConfigurationPlatforms) = postSolution
		{C297BCD1-9AB4-4470-8DB2-6EBEE036D5EA}.Debug|Any CPU.ActiveCfg = Debug|Any CPU
		{C297BCD1-9AB4-4470-8DB2-6EBEE036D5EA}.Debug|Any CPU.Build.0 = Debug|Any CPU
		{C297BCD1-9AB4-4470-8DB2-6EBEE036D5EA}.Release|Any CPU.ActiveCfg = Release|Any CPU
		{C297BCD1-9AB4-4470-8DB2-6EBEE036D5EA}.Release|Any CPU.Build.0 = Release|Any CPU
	EndGlobalSection
	GlobalSection(SolutionProperties) = preSolution
		HideSolutionNode = FALSE
	EndGlobalSection
	GlobalSection(ExtensibilityGlobals) = postSolution
		SolutionGuid = {667804DE-7B9E-460C-8581-CBD666FC151E}
	EndGlobalSection
EndGlobal
